
Microsoft Visual Studio Solution File, Format Version 12.00
Project("{FAE04EC0-301F-11D3-BF4B-00C04F79EFBC}") = "Straonit.HighEdge", "Straonit.HighEdge\Straonit.HighEdge.csproj", "{746BE4CD-F3CC-4C3F-9222-E7BC00F5A412}"
EndProject
Project("{FAE04EC0-301F-11D3-BF4B-00C04F79EFBC}") = "Straonit.HighEdge.Infrastructure", "Straonit.HighEdge.Infrastructure\Straonit.HighEdge.Infrastructure.csproj", "{67FE9ABE-B7C7-4BC4-AB62-06F61654CB77}"
EndProject
Project("{FAE04EC0-301F-11D3-BF4B-00C04F79EFBC}") = "Straonit.HighEdge.Secret", "Straonit.HighEdge.Secret\Straonit.HighEdge.Secret.csproj", "{404E1C4E-A949-4606-89D2-F43B0A510203}"
EndProject
Project("{FAE04EC0-301F-11D3-BF4B-00C04F79EFBC}") = "Straonit.HighEdge.Core", "Straonit.HighEdge.Core\Straonit.HighEdge.Core.csproj", "{CAC79400-7B2B-4D13-8301-E0C61FA4FCEF}"
EndProject
Global
	GlobalSection(SolutionConfigurationPlatforms) = preSolution
		Debug|Any CPU = Debug|Any CPU
		Release|Any CPU = Release|Any CPU
	EndGlobalSection
	GlobalSection(ProjectConfigurationPlatforms) = postSolution
		{746BE4CD-F3CC-4C3F-9222-E7BC00F5A412}.Debug|Any CPU.ActiveCfg = Debug|Any CPU
		{746BE4CD-F3CC-4C3F-9222-E7BC00F5A412}.Debug|Any CPU.Build.0 = Debug|Any CPU
		{746BE4CD-F3CC-4C3F-9222-E7BC00F5A412}.Release|Any CPU.ActiveCfg = Release|Any CPU
		{746BE4CD-F3CC-4C3F-9222-E7BC00F5A412}.Release|Any CPU.Build.0 = Release|Any CPU
		{67FE9ABE-B7C7-4BC4-AB62-06F61654CB77}.Debug|Any CPU.ActiveCfg = Debug|Any CPU
		{67FE9ABE-B7C7-4BC4-AB62-06F61654CB77}.Debug|Any CPU.Build.0 = Debug|Any CPU
		{67FE9ABE-B7C7-4BC4-AB62-06F61654CB77}.Release|Any CPU.ActiveCfg = Release|Any CPU
		{67FE9ABE-B7C7-4BC4-AB62-06F61654CB77}.Release|Any CPU.Build.0 = Release|Any CPU
		{404E1C4E-A949-4606-89D2-F43B0A510203}.Debug|Any CPU.ActiveCfg = Debug|Any CPU
		{404E1C4E-A949-4606-89D2-F43B0A510203}.Debug|Any CPU.Build.0 = Debug|Any CPU
		{404E1C4E-A949-4606-89D2-F43B0A510203}.Release|Any CPU.ActiveCfg = Release|Any CPU
		{404E1C4E-A949-4606-89D2-F43B0A510203}.Release|Any CPU.Build.0 = Release|Any CPU
		{CAC79400-7B2B-4D13-8301-E0C61FA4FCEF}.Debug|Any CPU.ActiveCfg = Debug|Any CPU
		{CAC79400-7B2B-4D13-8301-E0C61FA4FCEF}.Debug|Any CPU.Build.0 = Debug|Any CPU
		{CAC79400-7B2B-4D13-8301-E0C61FA4FCEF}.Release|Any CPU.ActiveCfg = Release|Any CPU
		{CAC79400-7B2B-4D13-8301-E0C61FA4FCEF}.Release|Any CPU.Build.0 = Release|Any CPU
	EndGlobalSection
EndGlobal
